
Microsoft Visual Studio Solution File, Format Version 12.00
# Visual Studio Version 16
VisualStudioVersion = 16.0.31605.320
MinimumVisualStudioVersion = 10.0.40219.1
Project("{FAE04EC0-301F-11D3-BF4B-00C04F79EFBC}") = "08-18", "08-18.csproj", "{809FABAD-AC7E-4A4B-B794-BD8F8F0A41A5}"
EndProject
Global
	GlobalSection(SolutionConfigurationPlatforms) = preSolution
		Debug|Any CPU = Debug|Any CPU
		Release|Any CPU = Release|Any CPU
	EndGlobalSection
	GlobalSection(ProjectConfigurationPlatforms) = postSolution
		{809FABAD-AC7E-4A4B-B794-BD8F8F0A41A5}.Debug|Any CPU.ActiveCfg = Debug|Any CPU
		{809FABAD-AC7E-4A4B-B794-BD8F8F0A41A5}.Debug|Any CPU.Build.0 = Debug|Any CPU
		{809FABAD-AC7E-4A4B-B794-BD8F8F0A41A5}.Release|Any CPU.ActiveCfg = Release|Any CPU
		{809FABAD-AC7E-4A4B-B794-BD8F8F0A41A5}.Release|Any CPU.Build.0 = Release|Any CPU
	EndGlobalSection
	GlobalSection(SolutionProperties) = preSolution
		HideSolutionNode = FALSE
	EndGlobalSection
	GlobalSection(ExtensibilityGlobals) = postSolution
		SolutionGuid = {05599EA8-9692-425A-9297-0394528ADD1C}
	EndGlobalSection
EndGlobal
